
Microsoft Visual Studio Solution File, Format Version 11.00
# Visual Studio 2010
Project("{FAE04EC0-301F-11D3-BF4B-00C04F79EFBC}") = "ExperimentTests", "ExperimentTests.csproj", "{A8B67031-A0F7-4028-B01A-4B7C09A31631}"
EndProject
Global
	GlobalSection(SolutionConfigurationPlatforms) = preSolution
		Debug|Any CPU = Debug|Any CPU
		Release|Any CPU = Release|Any CPU
	EndGlobalSection
	GlobalSection(ProjectConfigurationPlatforms) = postSolution
		{A8B67031-A0F7-4028-B01A-4B7C09A31631}.Debug|Any CPU.ActiveCfg = Debug|Any CPU
		{A8B67031-A0F7-4028-B01A-4B7C09A31631}.Debug|Any CPU.Build.0 = Debug|Any CPU
		{A8B67031-A0F7-4028-B01A-4B7C09A31631}.Release|Any CPU.ActiveCfg = Release|Any CPU
		{A8B67031-A0F7-4028-B01A-4B7C09A31631}.Release|Any CPU.Build.0 = Release|Any CPU
	EndGlobalSection
EndGlobal
